// !$*UTF8*$!
{
	archiveVersion = 1;
	classes = {
	};
	objectVersion = 46;
	objects = {

/* Begin PBXBuildFile section */
		638C52471F3569260062178E /* AppDelegate.swift in Sources */ = {isa = PBXBuildFile; fileRef = 638C52461F3569260062178E /* AppDelegate.swift */; };
		638C52491F3569260062178E /* ViewController.swift in Sources */ = {isa = PBXBuildFile; fileRef = 638C52481F3569260062178E /* ViewController.swift */; };
		638C524C1F3569260062178E /* Main.storyboard in Resources */ = {isa = PBXBuildFile; fileRef = 638C524A1F3569260062178E /* Main.storyboard */; };
		638C524E1F3569260062178E /* Assets.xcassets in Resources */ = {isa = PBXBuildFile; fileRef = 638C524D1F3569260062178E /* Assets.xcassets */; };
		638C52511F3569260062178E /* LaunchScreen.storyboard in Resources */ = {isa = PBXBuildFile; fileRef = 638C524F1F3569260062178E /* LaunchScreen.storyboard */; };
		638C525C1F3569260062178E /* testTests.swift in Sources */ = {isa = PBXBuildFile; fileRef = 638C525B1F3569260062178E /* testTests.swift */; };
		638C52671F3569260062178E /* testUITests.swift in Sources */ = {isa = PBXBuildFile; fileRef = 638C52661F3569260062178E /* testUITests.swift */; };
/* End PBXBuildFile section */

/* Begin PBXContainerItemProxy section */
		638C52581F3569260062178E /* PBXContainerItemProxy */ = {
			isa = PBXContainerItemProxy;
			containerPortal = 638C523B1F3569260062178E /* Project object */;
			proxyType = 1;
			remoteGlobalIDString = 638C52421F3569260062178E;
			remoteInfo = test;
		};
		638C52631F3569260062178E /* PBXContainerItemProxy */ = {
			isa = PBXContainerItemProxy;
			containerPortal = 638C523B1F3569260062178E /* Project object */;
			proxyType = 1;
			remoteGlobalIDString = 638C52421F3569260062178E;
			remoteInfo = test;
		};
/* End PBXContainerItemProxy section */

/* Begin PBXFileReference section */
		638C52431F3569260062178E /* test.app */ = {isa = PBXFileReference; explicitFileType = wrapper.application; includeInIndex = 0; path = test.app; sourceTree = BUILT_PRODUCTS_DIR; };
		638C52461F3569260062178E /* AppDelegate.swift */ = {isa = PBXFileReference; lastKnownFileType = sourcecode.swift; path = AppDelegate.swift; sourceTree = "<group>"; };
		638C52481F3569260062178E /* ViewController.swift */ = {isa = PBXFileReference; lastKnownFileType = sourcecode.swift; path = ViewController.swift; sourceTree = "<group>"; };
		638C524B1F3569260062178E /* Base */ = {isa = PBXFileReference; lastKnownFileType = file.storyboard; name = Base; path = Base.lproj/Main.storyboard; sourceTree = "<group>"; };
		638C524D1F3569260062178E /* Assets.xcassets */ = {isa = PBXFileReference; lastKnownFileType = folder.assetcatalog; path = Assets.xcassets; sourceTree = "<group>"; };
		638C52501F3569260062178E /* Base */ = {isa = PBXFileReference; lastKnownFileType = file.storyboard; name = Base; path = Base.lproj/LaunchScreen.storyboard; sourceTree = "<group>"; };
		638C52521F3569260062178E /* Info.plist */ = {isa = PBXFileReference; lastKnownFileType = text.plist.xml; path = Info.plist; sourceTree = "<group>"; };
		638C52571F3569260062178E /* testTests.xctest */ = {isa = PBXFileReference; explicitFileType = wrapper.cfbundle; includeInIndex = 0; path = testTests.xctest; sourceTree = BUILT_PRODUCTS_DIR; };
		638C525B1F3569260062178E /* testTests.swift */ = {isa = PBXFileReference; lastKnownFileType = sourcecode.swift; path = testTests.swift; sourceTree = "<group>"; };
		638C525D1F3569260062178E /* Info.plist */ = {isa = PBXFileReference; lastKnownFileType = text.plist.xml; path = Info.plist; sourceTree = "<group>"; };
		638C52621F3569260062178E /* testUITests.xctest */ = {isa = PBXFileReference; explicitFileType = wrapper.cfbundle; includeInIndex = 0; path = testUITests.xctest; sourceTree = BUILT_PRODUCTS_DIR; };
		638C52661F3569260062178E /* testUITests.swift */ = {isa = PBXFileReference; lastKnownFileType = sourcecode.swift; path = testUITests.swift; sourceTree = "<group>"; };
		638C52681F3569260062178E /* Info.plist */ = {isa = PBXFileReference; lastKnownFileType = text.plist.xml; path = Info.plist; sourceTree = "<group>"; };
/* End PBXFileReference section */

/* Begin PBXFrameworksBuildPhase section */
		638C52401F3569260062178E /* Frameworks */ = {
			isa = PBXFrameworksBuildPhase;
			buildActionMask = 2147483647;
			files = (
			);
			runOnlyForDeploymentPostprocessing = 0;
		};
		638C52541F3569260062178E /* Frameworks */ = {
			isa = PBXFrameworksBuildPhase;
			buildActionMask = 2147483647;
			files = (
			);
			runOnlyForDeploymentPostprocessing = 0;
		};
		638C525F1F3569260062178E /* Frameworks */ = {
			isa = PBXFrameworksBuildPhase;
			buildActionMask = 2147483647;
			files = (
			);
			runOnlyForDeploymentPostprocessing = 0;
		};
/* End PBXFrameworksBuildPhase section */

/* Begin PBXGroup section */
		638C523A1F3569260062178E = {
			isa = PBXGroup;
			children = (
				638C52451F3569260062178E /* test */,
				638C525A1F3569260062178E /* testTests */,
				638C52651F3569260062178E /* testUITests */,
				638C52441F3569260062178E /* Products */,
			);
			sourceTree = "<group>";
		};
		638C52441F3569260062178E /* Products */ = {
			isa = PBXGroup;
			children = (
				638C52431F3569260062178E /* test.app */,
				638C52571F3569260062178E /* testTests.xctest */,
				638C52621F3569260062178E /* testUITests.xctest */,
			);
			name = Products;
			sourceTree = "<group>";
		};
		638C52451F3569260062178E /* test */ = {
			isa = PBXGroup;
			children = (
				638C52461F3569260062178E /* AppDelegate.swift */,
				638C52481F3569260062178E /* ViewController.swift */,
				638C524A1F3569260062178E /* Main.storyboard */,
				638C524D1F3569260062178E /* Assets.xcassets */,
				638C524F1F3569260062178E /* LaunchScreen.storyboard */,
				638C52521F3569260062178E /* Info.plist */,
			);
			path = test;
			sourceTree = "<group>";
		};
		638C525A1F3569260062178E /* testTests */ = {
			isa = PBXGroup;
			children = (
				638C525B1F3569260062178E /* testTests.swift */,
				638C525D1F3569260062178E /* Info.plist */,
			);
			path = testTests;
			sourceTree = "<group>";
		};
		638C52651F3569260062178E /* testUITests */ = {
			isa = PBXGroup;
			children = (
				638C52661F3569260062178E /* testUITests.swift */,
				638C52681F3569260062178E /* Info.plist */,
			);
			path = testUITests;
			sourceTree = "<group>";
		};
/* End PBXGroup section */

/* Begin PBXNativeTarget section */
		638C52421F3569260062178E /* test */ = {
			isa = PBXNativeTarget;
			buildConfigurationList = 638C526B1F3569260062178E /* Build configuration list for PBXNativeTarget "test" */;
			buildPhases = (
				638C523F1F3569260062178E /* Sources */,
				638C52401F3569260062178E /* Frameworks */,
				638C52411F3569260062178E /* Resources */,
			);
			buildRules = (
			);
			dependencies = (
			);
			name = test;
			productName = test;
			productReference = 638C52431F3569260062178E /* test.app */;
			productType = "com.apple.product-type.application";
		};
		638C52561F3569260062178E /* testTests */ = {
			isa = PBXNativeTarget;
			buildConfigurationList = 638C526E1F3569260062178E /* Build configuration list for PBXNativeTarget "testTests" */;
			buildPhases = (
				638C52531F3569260062178E /* Sources */,
				638C52541F3569260062178E /* Frameworks */,
				638C52551F3569260062178E /* Resources */,
			);
			buildRules = (
			);
			dependencies = (
				638C52591F3569260062178E /* PBXTargetDependency */,
			);
			name = testTests;
			productName = testTests;
			productReference = 638C52571F3569260062178E /* testTests.xctest */;
			productType = "com.apple.product-type.bundle.unit-test";
		};
		638C52611F3569260062178E /* testUITests */ = {
			isa = PBXNativeTarget;
			buildConfigurationList = 638C52711F3569260062178E /* Build configuration list for PBXNativeTarget "testUITests" */;
			buildPhases = (
				638C525E1F3569260062178E /* Sources */,
				638C525F1F3569260062178E /* Frameworks */,
				638C52601F3569260062178E /* Resources */,
			);
			buildRules = (
			);
			dependencies = (
				638C52641F3569260062178E /* PBXTargetDependency */,
			);
			name = testUITests;
			productName = testUITests;
			productReference = 638C52621F3569260062178E /* testUITests.xctest */;
			productType = "com.apple.product-type.bundle.ui-testing";
		};
/* End PBXNativeTarget section */

/* Begin PBXProject section */
		638C523B1F3569260062178E /* Project object */ = {
			isa = PBXProject;
			attributes = {
				LastSwiftUpdateCheck = 0820;
				LastUpgradeCheck = 0820;
				ORGANIZATIONNAME = "@David";
				TargetAttributes = {
					638C52421F3569260062178E = {
						CreatedOnToolsVersion = 8.2.1;
						ProvisioningStyle = Automatic;
					};
					638C52561F3569260062178E = {
						CreatedOnToolsVersion = 8.2.1;
						ProvisioningStyle = Automatic;
						TestTargetID = 638C52421F3569260062178E;
					};
					638C52611F3569260062178E = {
						CreatedOnToolsVersion = 8.2.1;
						ProvisioningStyle = Automatic;
						TestTargetID = 638C52421F3569260062178E;
					};
				};
			};
			buildConfigurationList = 638C523E1F3569260062178E /* Build configuration list for PBXProject "test" */;
			compatibilityVersion = "Xcode 3.2";
			developmentRegion = English;
			hasScannedForEncodings = 0;
			knownRegions = (
				en,
				Base,
			);
			mainGroup = 638C523A1F3569260062178E;
			productRefGroup = 638C52441F3569260062178E /* Products */;
			projectDirPath = "";
			projectRoot = "";
			targets = (
				638C52421F3569260062178E /* test */,
				638C52561F3569260062178E /* testTests */,
				638C52611F3569260062178E /* testUITests */,
			);
		};
/* End PBXProject section */

/* Begin PBXResourcesBuildPhase section */
		638C52411F3569260062178E /* Resources */ = {
			isa = PBXResourcesBuildPhase;
			buildActionMask = 2147483647;
			files = (
				638C52511F3569260062178E /* LaunchScreen.storyboard in Resources */,
				638C524E1F3569260062178E /* Assets.xcassets in Resources */,
				638C524C1F3569260062178E /* Main.storyboard in Resources */,
			);
			runOnlyForDeploymentPostprocessing = 0;
		};
		638C52551F3569260062178E /* Resources */ = {
			isa = PBXResourcesBuildPhase;
			buildActionMask = 2147483647;
			files = (
			);
			runOnlyForDeploymentPostprocessing = 0;
		};
		638C52601F3569260062178E /* Resources */ = {
			isa = PBXResourcesBuildPhase;
			buildActionMask = 2147483647;
			files = (
			);
			runOnlyForDeploymentPostprocessing = 0;
		};
/* End PBXResourcesBuildPhase section */

/* Begin PBXSourcesBuildPhase section */
		638C523F1F3569260062178E /* Sources */ = {
			isa = PBXSourcesBuildPhase;
			buildActionMask = 2147483647;
			files = (
				638C52491F3569260062178E /* ViewController.swift in Sources */,
				638C52471F3569260062178E /* AppDelegate.swift in Sources */,
			);
			runOnlyForDeploymentPostprocessing = 0;
		};
		638C52531F3569260062178E /* Sources */ = {
			isa = PBXSourcesBuildPhase;
			buildActionMask = 2147483647;
			files = (
				638C525C1F3569260062178E /* testTests.swift in Sources */,
			);
			runOnlyForDeploymentPostprocessing = 0;
		};
		638C525E1F3569260062178E /* Sources */ = {
			isa = PBXSourcesBuildPhase;
			buildActionMask = 2147483647;
			files = (
				638C52671F3569260062178E /* testUITests.swift in Sources */,
			);
			runOnlyForDeploymentPostprocessing = 0;
		};
/* End PBXSourcesBuildPhase section */

/* Begin PBXTargetDependency section */
		638C52591F3569260062178E /* PBXTargetDependency */ = {
			isa = PBXTargetDependency;
			target = 638C52421F3569260062178E /* test */;
			targetProxy = 638C52581F3569260062178E /* PBXContainerItemProxy */;
		};
		638C52641F3569260062178E /* PBXTargetDependency */ = {
			isa = PBXTargetDependency;
			target = 638C52421F3569260062178E /* test */;
			targetProxy = 638C52631F3569260062178E /* PBXContainerItemProxy */;
		};
/* End PBXTargetDependency section */

/* Begin PBXVariantGroup section */
		638C524A1F3569260062178E /* Main.storyboard */ = {
			isa = PBXVariantGroup;
			children = (
				638C524B1F3569260062178E /* Base */,
			);
			name = Main.storyboard;
			sourceTree = "<group>";
		};
		638C524F1F3569260062178E /* LaunchScreen.storyboard */ = {
			isa = PBXVariantGroup;
			children = (
				638C52501F3569260062178E /* Base */,
			);
			name = LaunchScreen.storyboard;
			sourceTree = "<group>";
		};
/* End PBXVariantGroup section */

/* Begin XCBuildConfiguration section */
		638C52691F3569260062178E /* Debug */ = {
			isa = XCBuildConfiguration;
			buildSettings = {
				ALWAYS_SEARCH_USER_PATHS = NO;
				CLANG_ANALYZER_NONNULL = YES;
				CLANG_CXX_LANGUAGE_STANDARD = "gnu++0x";
				CLANG_CXX_LIBRARY = "libc++";
				CLANG_ENABLE_MODULES = YES;
				CLANG_ENABLE_OBJC_ARC = YES;
				CLANG_WARN_BOOL_CONVERSION = YES;
				CLANG_WARN_CONSTANT_CONVERSION = YES;
				CLANG_WARN_DIRECT_OBJC_ISA_USAGE = YES_ERROR;
				CLANG_WARN_DOCUMENTATION_COMMENTS = YES;
				CLANG_WARN_EMPTY_BODY = YES;
				CLANG_WARN_ENUM_CONVERSION = YES;
				CLANG_WARN_INFINITE_RECURSION = YES;
				CLANG_WARN_INT_CONVERSION = YES;
				CLANG_WARN_OBJC_ROOT_CLASS = YES_ERROR;
				CLANG_WARN_SUSPICIOUS_MOVE = YES;
				CLANG_WARN_UNREACHABLE_CODE = YES;
				CLANG_WARN__DUPLICATE_METHOD_MATCH = YES;
				"CODE_SIGN_IDENTITY[sdk=iphoneos*]" = "iPhone Developer";
				COPY_PHASE_STRIP = NO;
				DEBUG_INFORMATION_FORMAT = dwarf;
				ENABLE_STRICT_OBJC_MSGSEND = YES;
				ENABLE_TESTABILITY = YES;
				GCC_C_LANGUAGE_STANDARD = gnu99;
				GCC_DYNAMIC_NO_PIC = NO;
				GCC_NO_COMMON_BLOCKS = YES;
				GCC_OPTIMIZATION_LEVEL = 0;
				GCC_PREPROCESSOR_DEFINITIONS = (
					"DEBUG=1",
					"$(inherited)",
				);
				GCC_WARN_64_TO_32_BIT_CONVERSION = YES;
				GCC_WARN_ABOUT_RETURN_TYPE = YES_ERROR;
				GCC_WARN_UNDECLARED_SELECTOR = YES;
				GCC_WARN_UNINITIALIZED_AUTOS = YES_AGGRESSIVE;
				GCC_WARN_UNUSED_FUNCTION = YES;
				GCC_WARN_UNUSED_VARIABLE = YES;
				IPHONEOS_DEPLOYMENT_TARGET = 10.2;
				MTL_ENABLE_DEBUG_INFO = YES;
				ONLY_ACTIVE_ARCH = YES;
				SDKROOT = iphoneos;
				SWIFT_ACTIVE_COMPILATION_CONDITIONS = DEBUG;
				SWIFT_OPTIMIZATION_LEVEL = "-Onone";
				TARGETED_DEVICE_FAMILY = "1,2";
			};
			name = Debug;
		};
		638C526A1F3569260062178E /* Release */ = {
			isa = XCBuildConfiguration;
			buildSettings = {
				ALWAYS_SEARCH_USER_PATHS = NO;
				CLANG_ANALYZER_NONNULL = YES;
				CLANG_CXX_LANGUAGE_STANDARD = "gnu++0x";
				CLANG_CXX_LIBRARY = "libc++";
				CLANG_ENABLE_MODULES = YES;
				CLANG_ENABLE_OBJC_ARC = YES;
				CLANG_WARN_BOOL_CONVERSION = YES;
				CLANG_WARN_CONSTANT_CONVERSION = YES;
				CLANG_WARN_DIRECT_OBJC_ISA_USAGE = YES_ERROR;
				CLANG_WARN_DOCUMENTATION_COMMENTS = YES;
				CLANG_WARN_EMPTY_BODY = YES;
				CLANG_WARN_ENUM_CONVERSION = YES;
				CLANG_WARN_INFINITE_RECURSION = YES;
				CLANG_WARN_INT_CONVERSION = YES;
				CLANG_WARN_OBJC_ROOT_CLASS = YES_ERROR;
				CLANG_WARN_SUSPICIOUS_MOVE = YES;
				CLANG_WARN_UNREACHABLE_CODE = YES;
				CLANG_WARN__DUPLICATE_METHOD_MATCH = YES;
				"CODE_SIGN_IDENTITY[sdk=iphoneos*]" = "iPhone Developer";
				COPY_PHASE_STRIP = NO;
				DEBUG_INFORMATION_FORMAT = "dwarf-with-dsym";
				ENABLE_NS_ASSERTIONS = NO;
				ENABLE_STRICT_OBJC_MSGSEND = YES;
				GCC_C_LANGUAGE_STANDARD = gnu99;
				GCC_NO_COMMON_BLOCKS = YES;
				GCC_WARN_64_TO_32_BIT_CONVERSION = YES;
				GCC_WARN_ABOUT_RETURN_TYPE = YES_ERROR;
				GCC_WARN_UNDECLARED_SELECTOR = YES;
				GCC_WARN_UNINITIALIZED_AUTOS = YES_AGGRESSIVE;
				GCC_WARN_UNUSED_FUNCTION = YES;
				GCC_WARN_UNUSED_VARIABLE = YES;
				IPHONEOS_DEPLOYMENT_TARGET = 10.2;
				MTL_ENABLE_DEBUG_INFO = NO;
				SDKROOT = iphoneos;
				SWIFT_OPTIMIZATION_LEVEL = "-Owholemodule";
				TARGETED_DEVICE_FAMILY = "1,2";
				VALIDATE_PRODUCT = YES;
			};
			name = Release;
		};
		638C526C1F3569260062178E /* Debug */ = {
			isa = XCBuildConfiguration;
			buildSettings = {
				ASSETCATALOG_COMPILER_APPICON_NAME = AppIcon;
				INFOPLIST_FILE = test/Info.plist;
				LD_RUNPATH_SEARCH_PATHS = "$(inherited) @executable_path/Frameworks";
				PRODUCT_BUNDLE_IDENTIFIER = com.csc.test;
				PRODUCT_NAME = "$(TARGET_NAME)";
				SWIFT_VERSION = 3.0;
			};
			name = Debug;
		};
		638C526D1F3569260062178E /* Release */ = {
			isa = XCBuildConfiguration;
			buildSettings = {
				ASSETCATALOG_COMPILER_APPICON_NAME = AppIcon;
				INFOPLIST_FILE = test/Info.plist;
				LD_RUNPATH_SEARCH_PATHS = "$(inherited) @executable_path/Frameworks";
				PRODUCT_BUNDLE_IDENTIFIER = com.csc.test;
				PRODUCT_NAME = "$(TARGET_NAME)";
				SWIFT_VERSION = 3.0;
			};
			name = Release;
		};
		638C526F1F3569260062178E /* Debug */ = {
			isa = XCBuildConfiguration;
			buildSettings = {
				ALWAYS_EMBED_SWIFT_STANDARD_LIBRARIES = YES;
				BUNDLE_LOADER = "$(TEST_HOST)";
				INFOPLIST_FILE = testTests/Info.plist;
				LD_RUNPATH_SEARCH_PATHS = "$(inherited) @executable_path/Frameworks @loader_path/Frameworks";
				PRODUCT_BUNDLE_IDENTIFIER = com.csc.testTests;
				PRODUCT_NAME = "$(TARGET_NAME)";
				SWIFT_VERSION = 3.0;
				TEST_HOST = "$(BUILT_PRODUCTS_DIR)/test.app/test";
			};
			name = Debug;
		};
		638C52701F3569260062178E /* Release */ = {
			isa = XCBuildConfiguration;
			buildSettings = {
				ALWAYS_EMBED_SWIFT_STANDARD_LIBRARIES = YES;
				BUNDLE_LOADER = "$(TEST_HOST)";
				INFOPLIST_FILE = testTests/Info.plist;
				LD_RUNPATH_SEARCH_PATHS = "$(inherited) @executable_path/Frameworks @loader_path/Frameworks";
				PRODUCT_BUNDLE_IDENTIFIER = com.csc.testTests;
				PRODUCT_NAME = "$(TARGET_NAME)";
				SWIFT_VERSION = 3.0;
				TEST_HOST = "$(BUILT_PRODUCTS_DIR)/test.app/test";
			};
			name = Release;
		};
		638C52721F3569260062178E /* Debug */ = {
			isa = XCBuildConfiguration;
			buildSettings = {
				ALWAYS_EMBED_SWIFT_STANDARD_LIBRARIES = YES;
				INFOPLIST_FILE = testUITests/Info.plist;
				LD_RUNPATH_SEARCH_PATHS = "$(inherited) @executable_path/Frameworks @loader_path/Frameworks";
				PRODUCT_BUNDLE_IDENTIFIER = com.csc.testUITests;
				PRODUCT_NAME = "$(TARGET_NAME)";
				SWIFT_VERSION = 3.0;
				TEST_TARGET_NAME = test;
			};
			name = Debug;
		};
		638C52731F3569260062178E /* Release */ = {
			isa = XCBuildConfiguration;
			buildSettings = {
				ALWAYS_EMBED_SWIFT_STANDARD_LIBRARIES = YES;
				INFOPLIST_FILE = testUITests/Info.plist;
				LD_RUNPATH_SEARCH_PATHS = "$(inherited) @executable_path/Frameworks @loader_path/Frameworks";
				PRODUCT_BUNDLE_IDENTIFIER = com.csc.testUITests;
				PRODUCT_NAME = "$(TARGET_NAME)";
				SWIFT_VERSION = 3.0;
				TEST_TARGET_NAME = test;
			};
			name = Release;
		};
/* End XCBuildConfiguration section */

/* Begin XCConfigurationList section */
		638C523E1F3569260062178E /* Build configuration list for PBXProject "test" */ = {
			isa = XCConfigurationList;
			buildConfigurations = (
				638C52691F3569260062178E /* Debug */,
				638C526A1F3569260062178E /* Release */,
			);
			defaultConfigurationIsVisible = 0;
			defaultConfigurationName = Release;
		};
		638C526B1F3569260062178E /* Build configuration list for PBXNativeTarget "test" */ = {
			isa = XCConfigurationList;
			buildConfigurations = (
				638C526C1F3569260062178E /* Debug */,
				638C526D1F3569260062178E /* Release */,
			);
			defaultConfigurationIsVisible = 0;
		};
		638C526E1F3569260062178E /* Build configuration list for PBXNativeTarget "testTests" */ = {
			isa = XCConfigurationList;
			buildConfigurations = (
				638C526F1F3569260062178E /* Debug */,
				638C52701F3569260062178E /* Release */,
			);
			defaultConfigurationIsVisible = 0;
		};
		638C52711F3569260062178E /* Build configuration list for PBXNativeTarget "testUITests" */ = {
			isa = XCConfigurationList;
			buildConfigurations = (
				638C52721F3569260062178E /* Debug */,
				638C52731F3569260062178E /* Release */,
			);
			defaultConfigurationIsVisible = 0;
		};
/* End XCConfigurationList section */
	};
	rootObject = 638C523B1F3569260062178E /* Project object */;
}
